
Microsoft Visual Studio Solution File, Format Version 12.00
Project("{FAE04EC0-301F-11D3-BF4B-00C04F79EFBC}") = "Newbe.Mahua.Plugins.Parrot", "Newbe.Mahua.Plugins.Parrot\Newbe.Mahua.Plugins.Parrot.csproj", "{CFA32105-AF61-4F0C-A8EF-6FF326E7E82E}"
EndProject
Project("{FAE04EC0-301F-11D3-BF4B-00C04F79EFBC}") = "Newbe.Mahua.HttpApiClient", "MahuaClient\src\Newbe.Mahua.HttpApiClient\Newbe.Mahua.HttpApiClient.csproj", "{52BDDDAE-0C10-4186-88B3-2D21CBF3C4C6}"
EndProject
Global
	GlobalSection(SolutionConfigurationPlatforms) = preSolution
		Debug|Any CPU = Debug|Any CPU
		Release|Any CPU = Release|Any CPU
	EndGlobalSection
	GlobalSection(ProjectConfigurationPlatforms) = postSolution
		{CFA32105-AF61-4F0C-A8EF-6FF326E7E82E}.Debug|Any CPU.ActiveCfg = Debug|Any CPU
		{CFA32105-AF61-4F0C-A8EF-6FF326E7E82E}.Debug|Any CPU.Build.0 = Debug|Any CPU
		{CFA32105-AF61-4F0C-A8EF-6FF326E7E82E}.Release|Any CPU.ActiveCfg = Release|Any CPU
		{CFA32105-AF61-4F0C-A8EF-6FF326E7E82E}.Release|Any CPU.Build.0 = Release|Any CPU
		{52BDDDAE-0C10-4186-88B3-2D21CBF3C4C6}.Debug|Any CPU.ActiveCfg = Debug|Any CPU
		{52BDDDAE-0C10-4186-88B3-2D21CBF3C4C6}.Debug|Any CPU.Build.0 = Debug|Any CPU
		{52BDDDAE-0C10-4186-88B3-2D21CBF3C4C6}.Release|Any CPU.ActiveCfg = Release|Any CPU
		{52BDDDAE-0C10-4186-88B3-2D21CBF3C4C6}.Release|Any CPU.Build.0 = Release|Any CPU
	EndGlobalSection
EndGlobal
